
Microsoft Visual Studio Solution File, Format Version 12.00
# Visual Studio Version 17
VisualStudioVersion = 17.0.31903.59
MinimumVisualStudioVersion = 10.0.40219.1
Project("{2150E333-8FDC-42A3-9474-1A3956D46DE8}") = "src", "src", "{88BB50BE-09C6-40F0-9770-B26E9B26AFDE}"
EndProject
Project("{2150E333-8FDC-42A3-9474-1A3956D46DE8}") = "Solution Items", "Solution Items", "{F96B593A-AF8E-44A8-A69D-72321459A86C}"
	ProjectSection(SolutionItems) = preProject
		.editorconfig = .editorconfig
		.gitattributes = .gitattributes
		.gitignore = .gitignore
		.markdownlint.json = .markdownlint.json
		.vsconfig = .vsconfig
		Benchmarks.ruleset = Benchmarks.ruleset
		build.ps1 = build.ps1
		CNAME = CNAME
		CODE_OF_CONDUCT.md = CODE_OF_CONDUCT.md
		Directory.Build.props = Directory.Build.props
		Directory.Build.targets = Directory.Build.targets
		Directory.Packages.props = Directory.Packages.props
		exclusion.dic = exclusion.dic
		global.json = global.json
		LICENSE = LICENSE
		NuGet.config = NuGet.config
		omnisharp.json = omnisharp.json
		README.md = README.md
		SECURITY.MD = SECURITY.MD
		startvs.cmd = startvs.cmd
		startvscode.cmd = startvscode.cmd
		stylecop.json = stylecop.json
	EndProjectSection
EndProject
Project("{2150E333-8FDC-42A3-9474-1A3956D46DE8}") = ".vscode", ".vscode", "{EBBB176C-B1E0-46FF-95D9-9E7777B215A3}"
	ProjectSection(SolutionItems) = preProject
		.vscode\extensions.json = .vscode\extensions.json
		.vscode\launch.json = .vscode\launch.json
		.vscode\settings.json = .vscode\settings.json
		.vscode\tasks.json = .vscode\tasks.json
	EndProjectSection
EndProject
Project("{2150E333-8FDC-42A3-9474-1A3956D46DE8}") = ".github", ".github", "{AF769E56-42F5-4BF5-BBAD-E31E86C32BD5}"
	ProjectSection(SolutionItems) = preProject
		.github\actionlint-matcher.json = .github\actionlint-matcher.json
		.github\CODEOWNERS = .github\CODEOWNERS
		.github\CONTRIBUTING.md = .github\CONTRIBUTING.md
		.github\dependabot.yml = .github\dependabot.yml
		.github\FUNDING.yml = .github\FUNDING.yml
		.github\ISSUE_TEMPLATE.md = .github\ISSUE_TEMPLATE.md
		.github\PULL_REQUEST_TEMPLATE.md = .github\PULL_REQUEST_TEMPLATE.md
		.github\update-dotnet-sdk.json = .github\update-dotnet-sdk.json
	EndProjectSection
EndProject
Project("{2150E333-8FDC-42A3-9474-1A3956D46DE8}") = "ISSUE_TEMPLATE", "ISSUE_TEMPLATE", "{883F7033-86AC-4D94-ADDA-0F112C32C1ED}"
	ProjectSection(SolutionItems) = preProject
		.github\ISSUE_TEMPLATE\bug_report.md = .github\ISSUE_TEMPLATE\bug_report.md
		.github\ISSUE_TEMPLATE\config.yml = .github\ISSUE_TEMPLATE\config.yml
		.github\ISSUE_TEMPLATE\feature_request.md = .github\ISSUE_TEMPLATE\feature_request.md
	EndProjectSection
EndProject
Project("{2150E333-8FDC-42A3-9474-1A3956D46DE8}") = "workflows", "workflows", "{C39A81E2-4017-407C-99C5-8A0B2978881D}"
	ProjectSection(SolutionItems) = preProject
		.github\workflows\build.yml = .github\workflows\build.yml
		.github\workflows\code-scan.yml = .github\workflows\code-scan.yml
		.github\workflows\dependency-review.yml = .github\workflows\dependency-review.yml
		.github\workflows\lint.yml = .github\workflows\lint.yml
	EndProjectSection
EndProject
Project("{9A19103F-16F7-4668-BE54-9A1E7A4F7556}") = "Dashboard", "src\Dashboard\Dashboard.csproj", "{D6DC83E5-6821-4059-921B-E72CD5A1C787}"
EndProject
Project("{2150E333-8FDC-42A3-9474-1A3956D46DE8}") = "tests", "tests", "{64DAC102-468B-47B9-89D0-D71A04BC8783}"
EndProject
Project("{9A19103F-16F7-4668-BE54-9A1E7A4F7556}") = "Dashboard.Tests", "tests\Dashboard.Tests\Dashboard.Tests.csproj", "{B884976C-E9C0-4A19-A12E-D89FDC77DB9D}"
EndProject
Global
	GlobalSection(SolutionConfigurationPlatforms) = preSolution
		Debug|Any CPU = Debug|Any CPU
		Release|Any CPU = Release|Any CPU
	EndGlobalSection
	GlobalSection(ProjectConfigurationPlatforms) = postSolution
		{D6DC83E5-6821-4059-921B-E72CD5A1C787}.Debug|Any CPU.ActiveCfg = Debug|Any CPU
		{D6DC83E5-6821-4059-921B-E72CD5A1C787}.Debug|Any CPU.Build.0 = Debug|Any CPU
		{D6DC83E5-6821-4059-921B-E72CD5A1C787}.Release|Any CPU.ActiveCfg = Release|Any CPU
		{D6DC83E5-6821-4059-921B-E72CD5A1C787}.Release|Any CPU.Build.0 = Release|Any CPU
		{B884976C-E9C0-4A19-A12E-D89FDC77DB9D}.Debug|Any CPU.ActiveCfg = Debug|Any CPU
		{B884976C-E9C0-4A19-A12E-D89FDC77DB9D}.Debug|Any CPU.Build.0 = Debug|Any CPU
		{B884976C-E9C0-4A19-A12E-D89FDC77DB9D}.Release|Any CPU.ActiveCfg = Release|Any CPU
		{B884976C-E9C0-4A19-A12E-D89FDC77DB9D}.Release|Any CPU.Build.0 = Release|Any CPU
	EndGlobalSection
	GlobalSection(SolutionProperties) = preSolution
		HideSolutionNode = FALSE
	EndGlobalSection
	GlobalSection(NestedProjects) = preSolution
		{EBBB176C-B1E0-46FF-95D9-9E7777B215A3} = {F96B593A-AF8E-44A8-A69D-72321459A86C}
		{AF769E56-42F5-4BF5-BBAD-E31E86C32BD5} = {F96B593A-AF8E-44A8-A69D-72321459A86C}
		{883F7033-86AC-4D94-ADDA-0F112C32C1ED} = {AF769E56-42F5-4BF5-BBAD-E31E86C32BD5}
		{C39A81E2-4017-407C-99C5-8A0B2978881D} = {AF769E56-42F5-4BF5-BBAD-E31E86C32BD5}
		{D6DC83E5-6821-4059-921B-E72CD5A1C787} = {88BB50BE-09C6-40F0-9770-B26E9B26AFDE}
		{B884976C-E9C0-4A19-A12E-D89FDC77DB9D} = {64DAC102-468B-47B9-89D0-D71A04BC8783}
	EndGlobalSection
	GlobalSection(ExtensibilityGlobals) = postSolution
		SolutionGuid = {FE810B7C-0168-45B4-A2FF-89CF09BFE359}
	EndGlobalSection
EndGlobal
